{
  "name": "harver-js-test",
  "version": "1.0.0",
  "lockfileVersion": 1,
  "requires": true,
  "dependencies": {
    "asap": {
      "version": "2.0.6",
      "resolved": "https://registry.npmjs.org/asap/-/asap-2.0.6.tgz",
      "integrity": "sha1-5QNHYR1+aQlDIIu9r+vLwvuGbUY="
    },
    "fs": {
      "version": "0.0.1-security",
      "resolved": "https://registry.npmjs.org/fs/-/fs-0.0.1-security.tgz",
      "integrity": "sha1-invTcYa23d84E/I4WLV+yq9eQdQ="
    },
    "promise": {
      "version": "8.0.3",
      "resolved": "https://registry.npmjs.org/promise/-/promise-8.0.3.tgz",
      "integrity": "sha512-HeRDUL1RJiLhyA0/grn+PTShlBAcLuh/1BJGtrvjwbvRDCTLLMEz9rOGCV+R3vHY4MixIuoMEd9Yq/XvsTPcjw==",
      "requires": {
        "asap": "~2.0.6"
      }
    },
    "random-words": {
      "version": "1.1.0",
      "resolved": "https://registry.npmjs.org/random-words/-/random-words-1.1.0.tgz",
      "integrity": "sha512-GyV8PlSmQE08S/RSCjG9Uh0uQaUC7iRpA18PWk9OSnvNCzKQ+B2NxqqN/cYBej4t7dfBWxh10KFBYSiNcg1jlg=="
    },
    "word-maker": {
      "version": "file:word-maker"
    }
  }
}
